// !$*UTF8*$!
{
	archiveVersion = 1;
	classes = {
	};
	objectVersion = 55;
	objects = {

/* Begin PBXBuildFile section */
		5E2B2E972852379900BE2A1D /* VideoPlayerView.swift in Sources */ = {isa = PBXBuildFile; fileRef = 5E2B2E962852379900BE2A1D /* VideoPlayerView.swift */; };
		5E2B2E9A2852388900BE2A1D /* VideoPlayerHelper.swift in Sources */ = {isa = PBXBuildFile; fileRef = 5E2B2E992852388900BE2A1D /* VideoPlayerHelper.swift */; };
		5EA4D5A228501700006116B3 /* CoverImageModel.swift in Sources */ = {isa = PBXBuildFile; fileRef = 5EA4D5A128501700006116B3 /* CoverImageModel.swift */; };
		5EA4D5A5285017DC006116B3 /* CodableBundleExtension.swift in Sources */ = {isa = PBXBuildFile; fileRef = 5EA4D5A4285017DC006116B3 /* CodableBundleExtension.swift */; };
		5EA4D5A728501DE8006116B3 /* AnimalListItemView.swift in Sources */ = {isa = PBXBuildFile; fileRef = 5EA4D5A628501DE8006116B3 /* AnimalListItemView.swift */; };
		5EA4D5A928504076006116B3 /* AnimalModel.swift in Sources */ = {isa = PBXBuildFile; fileRef = 5EA4D5A828504076006116B3 /* AnimalModel.swift */; };
		5EA4D5AB28504419006116B3 /* AnimalDetailView.swift in Sources */ = {isa = PBXBuildFile; fileRef = 5EA4D5AA28504419006116B3 /* AnimalDetailView.swift */; };
		5EA4D5AD28504686006116B3 /* HeadingView.swift in Sources */ = {isa = PBXBuildFile; fileRef = 5EA4D5AC28504686006116B3 /* HeadingView.swift */; };
		5EA4D5AF2850477A006116B3 /* InsetGalleryView.swift in Sources */ = {isa = PBXBuildFile; fileRef = 5EA4D5AE2850477A006116B3 /* InsetGalleryView.swift */; };
		5EA4D5B128504A55006116B3 /* InsetFactView.swift in Sources */ = {isa = PBXBuildFile; fileRef = 5EA4D5B028504A55006116B3 /* InsetFactView.swift */; };
		5EA4D5B328504D0E006116B3 /* InsetMapView.swift in Sources */ = {isa = PBXBuildFile; fileRef = 5EA4D5B228504D0E006116B3 /* InsetMapView.swift */; };
		5EA4D5B528505156006116B3 /* ExternalWebLinkView.swift in Sources */ = {isa = PBXBuildFile; fileRef = 5EA4D5B428505156006116B3 /* ExternalWebLinkView.swift */; };
		5EA4D5B72850E7DB006116B3 /* VideoModel.swift in Sources */ = {isa = PBXBuildFile; fileRef = 5EA4D5B62850E7DB006116B3 /* VideoModel.swift */; };
		5EA4D5B92850E842006116B3 /* VideoListItemView.swift in Sources */ = {isa = PBXBuildFile; fileRef = 5EA4D5B82850E842006116B3 /* VideoListItemView.swift */; };
		5EE952B828500D8D004BDA96 /* AfricaApp.swift in Sources */ = {isa = PBXBuildFile; fileRef = 5EE952B728500D8D004BDA96 /* AfricaApp.swift */; };
		5EE952BA28500D8D004BDA96 /* ContentView.swift in Sources */ = {isa = PBXBuildFile; fileRef = 5EE952B928500D8D004BDA96 /* ContentView.swift */; };
		5EE952BC28500D8F004BDA96 /* Assets.xcassets in Resources */ = {isa = PBXBuildFile; fileRef = 5EE952BB28500D8F004BDA96 /* Assets.xcassets */; };
		5EE952BF28500D8F004BDA96 /* Preview Assets.xcassets in Resources */ = {isa = PBXBuildFile; fileRef = 5EE952BE28500D8F004BDA96 /* Preview Assets.xcassets */; };
		5EE952D028500F57004BDA96 /* giraffe.mp4 in Resources */ = {isa = PBXBuildFile; fileRef = 5EE952C628500F56004BDA96 /* giraffe.mp4 */; };
		5EE952D128500F57004BDA96 /* rhino.mp4 in Resources */ = {isa = PBXBuildFile; fileRef = 5EE952C728500F56004BDA96 /* rhino.mp4 */; };
		5EE952D228500F57004BDA96 /* lion.mp4 in Resources */ = {isa = PBXBuildFile; fileRef = 5EE952C828500F56004BDA96 /* lion.mp4 */; };
		5EE952D328500F57004BDA96 /* lioness.mp4 in Resources */ = {isa = PBXBuildFile; fileRef = 5EE952C928500F56004BDA96 /* lioness.mp4 */; };
		5EE952D428500F57004BDA96 /* ostrich.mp4 in Resources */ = {isa = PBXBuildFile; fileRef = 5EE952CA28500F56004BDA96 /* ostrich.mp4 */; };
		5EE952D528500F57004BDA96 /* zebra.mp4 in Resources */ = {isa = PBXBuildFile; fileRef = 5EE952CB28500F57004BDA96 /* zebra.mp4 */; };
		5EE952D628500F57004BDA96 /* hippo.mp4 in Resources */ = {isa = PBXBuildFile; fileRef = 5EE952CC28500F57004BDA96 /* hippo.mp4 */; };
		5EE952D728500F57004BDA96 /* cheetah.mp4 in Resources */ = {isa = PBXBuildFile; fileRef = 5EE952CD28500F57004BDA96 /* cheetah.mp4 */; };
		5EE952D828500F57004BDA96 /* gorilla.mp4 in Resources */ = {isa = PBXBuildFile; fileRef = 5EE952CE28500F57004BDA96 /* gorilla.mp4 */; };
		5EE952D928500F57004BDA96 /* elephant.mp4 in Resources */ = {isa = PBXBuildFile; fileRef = 5EE952CF28500F57004BDA96 /* elephant.mp4 */; };
		5EE952DF28500F9E004BDA96 /* locations.json in Resources */ = {isa = PBXBuildFile; fileRef = 5EE952DB28500F9E004BDA96 /* locations.json */; };
		5EE952E028500F9E004BDA96 /* covers.json in Resources */ = {isa = PBXBuildFile; fileRef = 5EE952DC28500F9E004BDA96 /* covers.json */; };
		5EE952E128500F9E004BDA96 /* animals.json in Resources */ = {isa = PBXBuildFile; fileRef = 5EE952DD28500F9E004BDA96 /* animals.json */; };
		5EE952E228500F9E004BDA96 /* videos.json in Resources */ = {isa = PBXBuildFile; fileRef = 5EE952DE28500F9E004BDA96 /* videos.json */; };
		5EE952E62850114C004BDA96 /* VideoListView.swift in Sources */ = {isa = PBXBuildFile; fileRef = 5EE952E52850114C004BDA96 /* VideoListView.swift */; };
		5EE952E828501165004BDA96 /* MapView.swift in Sources */ = {isa = PBXBuildFile; fileRef = 5EE952E728501165004BDA96 /* MapView.swift */; };
		5EE952EA28501173004BDA96 /* GalleryView.swift in Sources */ = {isa = PBXBuildFile; fileRef = 5EE952E928501173004BDA96 /* GalleryView.swift */; };
		5EE952EC28501187004BDA96 /* MainView.swift in Sources */ = {isa = PBXBuildFile; fileRef = 5EE952EB28501187004BDA96 /* MainView.swift */; };
		5EE952EF28501548004BDA96 /* CoverImageView.swift in Sources */ = {isa = PBXBuildFile; fileRef = 5EE952EE28501548004BDA96 /* CoverImageView.swift */; };
/* End PBXBuildFile section */

/* Begin PBXFileReference section */
		5E2B2E962852379900BE2A1D /* VideoPlayerView.swift */ = {isa = PBXFileReference; lastKnownFileType = sourcecode.swift; path = VideoPlayerView.swift; sourceTree = "<group>"; };
		5E2B2E992852388900BE2A1D /* VideoPlayerHelper.swift */ = {isa = PBXFileReference; lastKnownFileType = sourcecode.swift; path = VideoPlayerHelper.swift; sourceTree = "<group>"; };
		5EA4D5A128501700006116B3 /* CoverImageModel.swift */ = {isa = PBXFileReference; lastKnownFileType = sourcecode.swift; path = CoverImageModel.swift; sourceTree = "<group>"; };
		5EA4D5A4285017DC006116B3 /* CodableBundleExtension.swift */ = {isa = PBXFileReference; lastKnownFileType = sourcecode.swift; path = CodableBundleExtension.swift; sourceTree = "<group>"; };
		5EA4D5A628501DE8006116B3 /* AnimalListItemView.swift */ = {isa = PBXFileReference; lastKnownFileType = sourcecode.swift; path = AnimalListItemView.swift; sourceTree = "<group>"; };
		5EA4D5A828504076006116B3 /* AnimalModel.swift */ = {isa = PBXFileReference; lastKnownFileType = sourcecode.swift; path = AnimalModel.swift; sourceTree = "<group>"; };
		5EA4D5AA28504419006116B3 /* AnimalDetailView.swift */ = {isa = PBXFileReference; lastKnownFileType = sourcecode.swift; path = AnimalDetailView.swift; sourceTree = "<group>"; };
		5EA4D5AC28504686006116B3 /* HeadingView.swift */ = {isa = PBXFileReference; lastKnownFileType = sourcecode.swift; path = HeadingView.swift; sourceTree = "<group>"; };
		5EA4D5AE2850477A006116B3 /* InsetGalleryView.swift */ = {isa = PBXFileReference; lastKnownFileType = sourcecode.swift; path = InsetGalleryView.swift; sourceTree = "<group>"; };
		5EA4D5B028504A55006116B3 /* InsetFactView.swift */ = {isa = PBXFileReference; lastKnownFileType = sourcecode.swift; path = InsetFactView.swift; sourceTree = "<group>"; };
		5EA4D5B228504D0E006116B3 /* InsetMapView.swift */ = {isa = PBXFileReference; lastKnownFileType = sourcecode.swift; path = InsetMapView.swift; sourceTree = "<group>"; };
		5EA4D5B428505156006116B3 /* ExternalWebLinkView.swift */ = {isa = PBXFileReference; lastKnownFileType = sourcecode.swift; path = ExternalWebLinkView.swift; sourceTree = "<group>"; };
		5EA4D5B62850E7DB006116B3 /* VideoModel.swift */ = {isa = PBXFileReference; lastKnownFileType = sourcecode.swift; path = VideoModel.swift; sourceTree = "<group>"; };
		5EA4D5B82850E842006116B3 /* VideoListItemView.swift */ = {isa = PBXFileReference; lastKnownFileType = sourcecode.swift; path = VideoListItemView.swift; sourceTree = "<group>"; };
		5EE952B428500D8D004BDA96 /* Africa.app */ = {isa = PBXFileReference; explicitFileType = wrapper.application; includeInIndex = 0; path = Africa.app; sourceTree = BUILT_PRODUCTS_DIR; };
		5EE952B728500D8D004BDA96 /* AfricaApp.swift */ = {isa = PBXFileReference; lastKnownFileType = sourcecode.swift; path = AfricaApp.swift; sourceTree = "<group>"; };
		5EE952B928500D8D004BDA96 /* ContentView.swift */ = {isa = PBXFileReference; lastKnownFileType = sourcecode.swift; path = ContentView.swift; sourceTree = "<group>"; };
		5EE952BB28500D8F004BDA96 /* Assets.xcassets */ = {isa = PBXFileReference; lastKnownFileType = folder.assetcatalog; path = Assets.xcassets; sourceTree = "<group>"; };
		5EE952BE28500D8F004BDA96 /* Preview Assets.xcassets */ = {isa = PBXFileReference; lastKnownFileType = folder.assetcatalog; path = "Preview Assets.xcassets"; sourceTree = "<group>"; };
		5EE952C628500F56004BDA96 /* giraffe.mp4 */ = {isa = PBXFileReference; lastKnownFileType = file; path = giraffe.mp4; sourceTree = "<group>"; };
		5EE952C728500F56004BDA96 /* rhino.mp4 */ = {isa = PBXFileReference; lastKnownFileType = file; path = rhino.mp4; sourceTree = "<group>"; };
		5EE952C828500F56004BDA96 /* lion.mp4 */ = {isa = PBXFileReference; lastKnownFileType = file; path = lion.mp4; sourceTree = "<group>"; };
		5EE952C928500F56004BDA96 /* lioness.mp4 */ = {isa = PBXFileReference; lastKnownFileType = file; path = lioness.mp4; sourceTree = "<group>"; };
		5EE952CA28500F56004BDA96 /* ostrich.mp4 */ = {isa = PBXFileReference; lastKnownFileType = file; path = ostrich.mp4; sourceTree = "<group>"; };
		5EE952CB28500F57004BDA96 /* zebra.mp4 */ = {isa = PBXFileReference; lastKnownFileType = file; path = zebra.mp4; sourceTree = "<group>"; };
		5EE952CC28500F57004BDA96 /* hippo.mp4 */ = {isa = PBXFileReference; lastKnownFileType = file; path = hippo.mp4; sourceTree = "<group>"; };
		5EE952CD28500F57004BDA96 /* cheetah.mp4 */ = {isa = PBXFileReference; lastKnownFileType = file; path = cheetah.mp4; sourceTree = "<group>"; };
		5EE952CE28500F57004BDA96 /* gorilla.mp4 */ = {isa = PBXFileReference; lastKnownFileType = file; path = gorilla.mp4; sourceTree = "<group>"; };
		5EE952CF28500F57004BDA96 /* elephant.mp4 */ = {isa = PBXFileReference; lastKnownFileType = file; path = elephant.mp4; sourceTree = "<group>"; };
		5EE952DB28500F9E004BDA96 /* locations.json */ = {isa = PBXFileReference; fileEncoding = 4; lastKnownFileType = text.json; path = locations.json; sourceTree = "<group>"; };
		5EE952DC28500F9E004BDA96 /* covers.json */ = {isa = PBXFileReference; fileEncoding = 4; lastKnownFileType = text.json; path = covers.json; sourceTree = "<group>"; };
		5EE952DD28500F9E004BDA96 /* animals.json */ = {isa = PBXFileReference; fileEncoding = 4; lastKnownFileType = text.json; path = animals.json; sourceTree = "<group>"; };
		5EE952DE28500F9E004BDA96 /* videos.json */ = {isa = PBXFileReference; fileEncoding = 4; lastKnownFileType = text.json; path = videos.json; sourceTree = "<group>"; };
		5EE952E328501066004BDA96 /* Info.plist */ = {isa = PBXFileReference; lastKnownFileType = text.plist; path = Info.plist; sourceTree = "<group>"; };
		5EE952E52850114C004BDA96 /* VideoListView.swift */ = {isa = PBXFileReference; lastKnownFileType = sourcecode.swift; path = VideoListView.swift; sourceTree = "<group>"; };
		5EE952E728501165004BDA96 /* MapView.swift */ = {isa = PBXFileReference; lastKnownFileType = sourcecode.swift; path = MapView.swift; sourceTree = "<group>"; };
		5EE952E928501173004BDA96 /* GalleryView.swift */ = {isa = PBXFileReference; lastKnownFileType = sourcecode.swift; path = GalleryView.swift; sourceTree = "<group>"; };
		5EE952EB28501187004BDA96 /* MainView.swift */ = {isa = PBXFileReference; lastKnownFileType = sourcecode.swift; path = MainView.swift; sourceTree = "<group>"; };
		5EE952EE28501548004BDA96 /* CoverImageView.swift */ = {isa = PBXFileReference; lastKnownFileType = sourcecode.swift; path = CoverImageView.swift; sourceTree = "<group>"; };
/* End PBXFileReference section */

/* Begin PBXFrameworksBuildPhase section */
		5EE952B128500D8D004BDA96 /* Frameworks */ = {
			isa = PBXFrameworksBuildPhase;
			buildActionMask = 2147483647;
			files = (
			);
			runOnlyForDeploymentPostprocessing = 0;
		};
/* End PBXFrameworksBuildPhase section */

/* Begin PBXGroup section */
		5E2B2E982852387000BE2A1D /* Helper */ = {
			isa = PBXGroup;
			children = (
				5E2B2E992852388900BE2A1D /* VideoPlayerHelper.swift */,
			);
			path = Helper;
			sourceTree = "<group>";
		};
		5EA4D5A0285016EC006116B3 /* Model */ = {
			isa = PBXGroup;
			children = (
				5EA4D5A128501700006116B3 /* CoverImageModel.swift */,
				5EA4D5A828504076006116B3 /* AnimalModel.swift */,
				5EA4D5B62850E7DB006116B3 /* VideoModel.swift */,
			);
			path = Model;
			sourceTree = "<group>";
		};
		5EA4D5A3285017CD006116B3 /* Extension */ = {
			isa = PBXGroup;
			children = (
				5EA4D5A4285017DC006116B3 /* CodableBundleExtension.swift */,
			);
			path = Extension;
			sourceTree = "<group>";
		};
		5EE952AB28500D8D004BDA96 = {
			isa = PBXGroup;
			children = (
				5EE952B628500D8D004BDA96 /* Africa */,
				5EE952B528500D8D004BDA96 /* Products */,
			);
			sourceTree = "<group>";
		};
		5EE952B528500D8D004BDA96 /* Products */ = {
			isa = PBXGroup;
			children = (
				5EE952B428500D8D004BDA96 /* Africa.app */,
			);
			name = Products;
			sourceTree = "<group>";
		};
		5EE952B628500D8D004BDA96 /* Africa */ = {
			isa = PBXGroup;
			children = (
				5E2B2E982852387000BE2A1D /* Helper */,
				5EE952DA28500F7C004BDA96 /* Data */,
				5EA4D5A3285017CD006116B3 /* Extension */,
				5EA4D5A0285016EC006116B3 /* Model */,
				5EE952ED28501538004BDA96 /* View */,
				5EE952E4285010FF004BDA96 /* App */,
				5EE952E328501066004BDA96 /* Info.plist */,
				5EE952C528500F2D004BDA96 /* Video */,
				5EE952BB28500D8F004BDA96 /* Assets.xcassets */,
				5EE952BD28500D8F004BDA96 /* Preview Content */,
			);
			path = Africa;
			sourceTree = "<group>";
		};
		5EE952BD28500D8F004BDA96 /* Preview Content */ = {
			isa = PBXGroup;
			children = (
				5EE952BE28500D8F004BDA96 /* Preview Assets.xcassets */,
			);
			path = "Preview Content";
			sourceTree = "<group>";
		};
		5EE952C528500F2D004BDA96 /* Video */ = {
			isa = PBXGroup;
			children = (
				5EE952CD28500F57004BDA96 /* cheetah.mp4 */,
				5EE952CF28500F57004BDA96 /* elephant.mp4 */,
				5EE952C628500F56004BDA96 /* giraffe.mp4 */,
				5EE952CE28500F57004BDA96 /* gorilla.mp4 */,
				5EE952CC28500F57004BDA96 /* hippo.mp4 */,
				5EE952C828500F56004BDA96 /* lion.mp4 */,
				5EE952C928500F56004BDA96 /* lioness.mp4 */,
				5EE952CA28500F56004BDA96 /* ostrich.mp4 */,
				5EE952C728500F56004BDA96 /* rhino.mp4 */,
				5EE952CB28500F57004BDA96 /* zebra.mp4 */,
			);
			path = Video;
			sourceTree = "<group>";
		};
		5EE952DA28500F7C004BDA96 /* Data */ = {
			isa = PBXGroup;
			children = (
				5EE952DD28500F9E004BDA96 /* animals.json */,
				5EE952DC28500F9E004BDA96 /* covers.json */,
				5EE952DB28500F9E004BDA96 /* locations.json */,
				5EE952DE28500F9E004BDA96 /* videos.json */,
			);
			path = Data;
			sourceTree = "<group>";
		};
		5EE952E4285010FF004BDA96 /* App */ = {
			isa = PBXGroup;
			children = (
				5EE952B728500D8D004BDA96 /* AfricaApp.swift */,
				5EE952B928500D8D004BDA96 /* ContentView.swift */,
				5EE952E52850114C004BDA96 /* VideoListView.swift */,
				5EE952E728501165004BDA96 /* MapView.swift */,
				5EE952E928501173004BDA96 /* GalleryView.swift */,
				5EE952EB28501187004BDA96 /* MainView.swift */,
			);
			path = App;
			sourceTree = "<group>";
		};
		5EE952ED28501538004BDA96 /* View */ = {
			isa = PBXGroup;
			children = (
				5EE952EE28501548004BDA96 /* CoverImageView.swift */,
				5EA4D5A628501DE8006116B3 /* AnimalListItemView.swift */,
				5EA4D5AA28504419006116B3 /* AnimalDetailView.swift */,
				5EA4D5AC28504686006116B3 /* HeadingView.swift */,
				5EA4D5AE2850477A006116B3 /* InsetGalleryView.swift */,
				5EA4D5B028504A55006116B3 /* InsetFactView.swift */,
				5EA4D5B228504D0E006116B3 /* InsetMapView.swift */,
				5EA4D5B428505156006116B3 /* ExternalWebLinkView.swift */,
				5EA4D5B82850E842006116B3 /* VideoListItemView.swift */,
				5E2B2E962852379900BE2A1D /* VideoPlayerView.swift */,
			);
			path = View;
			sourceTree = "<group>";
		};
/* End PBXGroup section */

/* Begin PBXNativeTarget section */
		5EE952B328500D8D004BDA96 /* Africa */ = {
			isa = PBXNativeTarget;
			buildConfigurationList = 5EE952C228500D8F004BDA96 /* Build configuration list for PBXNativeTarget "Africa" */;
			buildPhases = (
				5EE952B028500D8D004BDA96 /* Sources */,
				5EE952B128500D8D004BDA96 /* Frameworks */,
				5EE952B228500D8D004BDA96 /* Resources */,
			);
			buildRules = (
			);
			dependencies = (
			);
			name = Africa;
			productName = Africa;
			productReference = 5EE952B428500D8D004BDA96 /* Africa.app */;
			productType = "com.apple.product-type.application";
		};
/* End PBXNativeTarget section */

/* Begin PBXProject section */
		5EE952AC28500D8D004BDA96 /* Project object */ = {
			isa = PBXProject;
			attributes = {
				BuildIndependentTargetsInParallel = 1;
				LastSwiftUpdateCheck = 1340;
				LastUpgradeCheck = 1340;
				TargetAttributes = {
					5EE952B328500D8D004BDA96 = {
						CreatedOnToolsVersion = 13.4.1;
					};
				};
			};
			buildConfigurationList = 5EE952AF28500D8D004BDA96 /* Build configuration list for PBXProject "Africa" */;
			compatibilityVersion = "Xcode 13.0";
			developmentRegion = en;
			hasScannedForEncodings = 0;
			knownRegions = (
				en,
				Base,
			);
			mainGroup = 5EE952AB28500D8D004BDA96;
			productRefGroup = 5EE952B528500D8D004BDA96 /* Products */;
			projectDirPath = "";
			projectRoot = "";
			targets = (
				5EE952B328500D8D004BDA96 /* Africa */,
			);
		};
/* End PBXProject section */

/* Begin PBXResourcesBuildPhase section */
		5EE952B228500D8D004BDA96 /* Resources */ = {
			isa = PBXResourcesBuildPhase;
			buildActionMask = 2147483647;
			files = (
				5EE952E128500F9E004BDA96 /* animals.json in Resources */,
				5EE952DF28500F9E004BDA96 /* locations.json in Resources */,
				5EE952D128500F57004BDA96 /* rhino.mp4 in Resources */,
				5EE952D628500F57004BDA96 /* hippo.mp4 in Resources */,
				5EE952D428500F57004BDA96 /* ostrich.mp4 in Resources */,
				5EE952BF28500D8F004BDA96 /* Preview Assets.xcassets in Resources */,
				5EE952BC28500D8F004BDA96 /* Assets.xcassets in Resources */,
				5EE952D528500F57004BDA96 /* zebra.mp4 in Resources */,
				5EE952E028500F9E004BDA96 /* covers.json in Resources */,
				5EE952D728500F57004BDA96 /* cheetah.mp4 in Resources */,
				5EE952D228500F57004BDA96 /* lion.mp4 in Resources */,
				5EE952D928500F57004BDA96 /* elephant.mp4 in Resources */,
				5EE952D028500F57004BDA96 /* giraffe.mp4 in Resources */,
				5EE952E228500F9E004BDA96 /* videos.json in Resources */,
				5EE952D328500F57004BDA96 /* lioness.mp4 in Resources */,
				5EE952D828500F57004BDA96 /* gorilla.mp4 in Resources */,
			);
			runOnlyForDeploymentPostprocessing = 0;
		};
/* End PBXResourcesBuildPhase section */

/* Begin PBXSourcesBuildPhase section */
		5EE952B028500D8D004BDA96 /* Sources */ = {
			isa = PBXSourcesBuildPhase;
			buildActionMask = 2147483647;
			files = (
				5EE952BA28500D8D004BDA96 /* ContentView.swift in Sources */,
				5EA4D5A728501DE8006116B3 /* AnimalListItemView.swift in Sources */,
				5EE952EC28501187004BDA96 /* MainView.swift in Sources */,
				5EA4D5B128504A55006116B3 /* InsetFactView.swift in Sources */,
				5EE952EF28501548004BDA96 /* CoverImageView.swift in Sources */,
				5EA4D5A228501700006116B3 /* CoverImageModel.swift in Sources */,
				5EA4D5AB28504419006116B3 /* AnimalDetailView.swift in Sources */,
				5EA4D5A928504076006116B3 /* AnimalModel.swift in Sources */,
				5EE952E828501165004BDA96 /* MapView.swift in Sources */,
				5EA4D5B328504D0E006116B3 /* InsetMapView.swift in Sources */,
				5E2B2E9A2852388900BE2A1D /* VideoPlayerHelper.swift in Sources */,
				5EE952B828500D8D004BDA96 /* AfricaApp.swift in Sources */,
				5EA4D5B528505156006116B3 /* ExternalWebLinkView.swift in Sources */,
				5EE952E62850114C004BDA96 /* VideoListView.swift in Sources */,
				5EA4D5B72850E7DB006116B3 /* VideoModel.swift in Sources */,
				5EE952EA28501173004BDA96 /* GalleryView.swift in Sources */,
				5EA4D5AF2850477A006116B3 /* InsetGalleryView.swift in Sources */,
				5EA4D5B92850E842006116B3 /* VideoListItemView.swift in Sources */,
				5EA4D5A5285017DC006116B3 /* CodableBundleExtension.swift in Sources */,
				5EA4D5AD28504686006116B3 /* HeadingView.swift in Sources */,
				5E2B2E972852379900BE2A1D /* VideoPlayerView.swift in Sources */,
			);
			runOnlyForDeploymentPostprocessing = 0;
		};
/* End PBXSourcesBuildPhase section */

/* Begin XCBuildConfiguration section */
		5EE952C028500D8F004BDA96 /* Debug */ = {
			isa = XCBuildConfiguration;
			buildSettings = {
				ALWAYS_SEARCH_USER_PATHS = NO;
				CLANG_ANALYZER_NONNULL = YES;
				CLANG_ANALYZER_NUMBER_OBJECT_CONVERSION = YES_AGGRESSIVE;
				CLANG_CXX_LANGUAGE_STANDARD = "gnu++17";
				CLANG_ENABLE_MODULES = YES;
				CLANG_ENABLE_OBJC_ARC = YES;
				CLANG_ENABLE_OBJC_WEAK = YES;
				CLANG_WARN_BLOCK_CAPTURE_AUTORELEASING = YES;
				CLANG_WARN_BOOL_CONVERSION = YES;
				CLANG_WARN_COMMA = YES;
				CLANG_WARN_CONSTANT_CONVERSION = YES;
				CLANG_WARN_DEPRECATED_OBJC_IMPLEMENTATIONS = YES;
				CLANG_WARN_DIRECT_OBJC_ISA_USAGE = YES_ERROR;
				CLANG_WARN_DOCUMENTATION_COMMENTS = YES;
				CLANG_WARN_EMPTY_BODY = YES;
				CLANG_WARN_ENUM_CONVERSION = YES;
				CLANG_WARN_INFINITE_RECURSION = YES;
				CLANG_WARN_INT_CONVERSION = YES;
				CLANG_WARN_NON_LITERAL_NULL_CONVERSION = YES;
				CLANG_WARN_OBJC_IMPLICIT_RETAIN_SELF = YES;
				CLANG_WARN_OBJC_LITERAL_CONVERSION = YES;
				CLANG_WARN_OBJC_ROOT_CLASS = YES_ERROR;
				CLANG_WARN_QUOTED_INCLUDE_IN_FRAMEWORK_HEADER = YES;
				CLANG_WARN_RANGE_LOOP_ANALYSIS = YES;
				CLANG_WARN_STRICT_PROTOTYPES = YES;
				CLANG_WARN_SUSPICIOUS_MOVE = YES;
				CLANG_WARN_UNGUARDED_AVAILABILITY = YES_AGGRESSIVE;
				CLANG_WARN_UNREACHABLE_CODE = YES;
				CLANG_WARN__DUPLICATE_METHOD_MATCH = YES;
				COPY_PHASE_STRIP = NO;
				DEBUG_INFORMATION_FORMAT = dwarf;
				ENABLE_STRICT_OBJC_MSGSEND = YES;
				ENABLE_TESTABILITY = YES;
				GCC_C_LANGUAGE_STANDARD = gnu11;
				GCC_DYNAMIC_NO_PIC = NO;
				GCC_NO_COMMON_BLOCKS = YES;
				GCC_OPTIMIZATION_LEVEL = 0;
				GCC_PREPROCESSOR_DEFINITIONS = (
					"DEBUG=1",
					"$(inherited)",
				);
				GCC_WARN_64_TO_32_BIT_CONVERSION = YES;
				GCC_WARN_ABOUT_RETURN_TYPE = YES_ERROR;
				GCC_WARN_UNDECLARED_SELECTOR = YES;
				GCC_WARN_UNINITIALIZED_AUTOS = YES_AGGRESSIVE;
				GCC_WARN_UNUSED_FUNCTION = YES;
				GCC_WARN_UNUSED_VARIABLE = YES;
				IPHONEOS_DEPLOYMENT_TARGET = 15.5;
				MTL_ENABLE_DEBUG_INFO = INCLUDE_SOURCE;
				MTL_FAST_MATH = YES;
				ONLY_ACTIVE_ARCH = YES;
				SDKROOT = iphoneos;
				SWIFT_ACTIVE_COMPILATION_CONDITIONS = DEBUG;
				SWIFT_OPTIMIZATION_LEVEL = "-Onone";
			};
			name = Debug;
		};
		5EE952C128500D8F004BDA96 /* Release */ = {
			isa = XCBuildConfiguration;
			buildSettings = {
				ALWAYS_SEARCH_USER_PATHS = NO;
				CLANG_ANALYZER_NONNULL = YES;
				CLANG_ANALYZER_NUMBER_OBJECT_CONVERSION = YES_AGGRESSIVE;
				CLANG_CXX_LANGUAGE_STANDARD = "gnu++17";
				CLANG_ENABLE_MODULES = YES;
				CLANG_ENABLE_OBJC_ARC = YES;
				CLANG_ENABLE_OBJC_WEAK = YES;
				CLANG_WARN_BLOCK_CAPTURE_AUTORELEASING = YES;
				CLANG_WARN_BOOL_CONVERSION = YES;
				CLANG_WARN_COMMA = YES;
				CLANG_WARN_CONSTANT_CONVERSION = YES;
				CLANG_WARN_DEPRECATED_OBJC_IMPLEMENTATIONS = YES;
				CLANG_WARN_DIRECT_OBJC_ISA_USAGE = YES_ERROR;
				CLANG_WARN_DOCUMENTATION_COMMENTS = YES;
				CLANG_WARN_EMPTY_BODY = YES;
				CLANG_WARN_ENUM_CONVERSION = YES;
				CLANG_WARN_INFINITE_RECURSION = YES;
				CLANG_WARN_INT_CONVERSION = YES;
				CLANG_WARN_NON_LITERAL_NULL_CONVERSION = YES;
				CLANG_WARN_OBJC_IMPLICIT_RETAIN_SELF = YES;
				CLANG_WARN_OBJC_LITERAL_CONVERSION = YES;
				CLANG_WARN_OBJC_ROOT_CLASS = YES_ERROR;
				CLANG_WARN_QUOTED_INCLUDE_IN_FRAMEWORK_HEADER = YES;
				CLANG_WARN_RANGE_LOOP_ANALYSIS = YES;
				CLANG_WARN_STRICT_PROTOTYPES = YES;
				CLANG_WARN_SUSPICIOUS_MOVE = YES;
				CLANG_WARN_UNGUARDED_AVAILABILITY = YES_AGGRESSIVE;
				CLANG_WARN_UNREACHABLE_CODE = YES;
				CLANG_WARN__DUPLICATE_METHOD_MATCH = YES;
				COPY_PHASE_STRIP = NO;
				DEBUG_INFORMATION_FORMAT = "dwarf-with-dsym";
				ENABLE_NS_ASSERTIONS = NO;
				ENABLE_STRICT_OBJC_MSGSEND = YES;
				GCC_C_LANGUAGE_STANDARD = gnu11;
				GCC_NO_COMMON_BLOCKS = YES;
				GCC_WARN_64_TO_32_BIT_CONVERSION = YES;
				GCC_WARN_ABOUT_RETURN_TYPE = YES_ERROR;
				GCC_WARN_UNDECLARED_SELECTOR = YES;
				GCC_WARN_UNINITIALIZED_AUTOS = YES_AGGRESSIVE;
				GCC_WARN_UNUSED_FUNCTION = YES;
				GCC_WARN_UNUSED_VARIABLE = YES;
				IPHONEOS_DEPLOYMENT_TARGET = 15.5;
				MTL_ENABLE_DEBUG_INFO = NO;
				MTL_FAST_MATH = YES;
				SDKROOT = iphoneos;
				SWIFT_COMPILATION_MODE = wholemodule;
				SWIFT_OPTIMIZATION_LEVEL = "-O";
				VALIDATE_PRODUCT = YES;
			};
			name = Release;
		};
		5EE952C328500D8F004BDA96 /* Debug */ = {
			isa = XCBuildConfiguration;
			buildSettings = {
				ASSETCATALOG_COMPILER_APPICON_NAME = AppIcon;
				ASSETCATALOG_COMPILER_GLOBAL_ACCENT_COLOR_NAME = AccentColor;
				CODE_SIGN_STYLE = Automatic;
				CURRENT_PROJECT_VERSION = 1;
				DEVELOPMENT_ASSET_PATHS = "\"Africa/Preview Content\"";
				DEVELOPMENT_TEAM = D646ZE33ML;
				ENABLE_PREVIEWS = YES;
				GENERATE_INFOPLIST_FILE = YES;
				INFOPLIST_FILE = Africa/Info.plist;
				INFOPLIST_KEY_UIApplicationSceneManifest_Generation = YES;
				INFOPLIST_KEY_UIApplicationSupportsIndirectInputEvents = YES;
				INFOPLIST_KEY_UISupportedInterfaceOrientations_iPad = "UIInterfaceOrientationPortrait UIInterfaceOrientationPortraitUpsideDown UIInterfaceOrientationLandscapeLeft UIInterfaceOrientationLandscapeRight";
				INFOPLIST_KEY_UISupportedInterfaceOrientations_iPhone = "UIInterfaceOrientationPortrait UIInterfaceOrientationLandscapeLeft UIInterfaceOrientationLandscapeRight";
				INFOPLIST_KEY_UIUserInterfaceStyle = Dark;
				LD_RUNPATH_SEARCH_PATHS = (
					"$(inherited)",
					"@executable_path/Frameworks",
				);
				MARKETING_VERSION = 1.0;
				PRODUCT_BUNDLE_IDENTIFIER = ZachCervi.Africa;
				PRODUCT_NAME = "$(TARGET_NAME)";
				SWIFT_EMIT_LOC_STRINGS = YES;
				SWIFT_VERSION = 5.0;
				TARGETED_DEVICE_FAMILY = "1,2";
			};
			name = Debug;
		};
		5EE952C428500D8F004BDA96 /* Release */ = {
			isa = XCBuildConfiguration;
			buildSettings = {
				ASSETCATALOG_COMPILER_APPICON_NAME = AppIcon;
				ASSETCATALOG_COMPILER_GLOBAL_ACCENT_COLOR_NAME = AccentColor;
				CODE_SIGN_STYLE = Automatic;
				CURRENT_PROJECT_VERSION = 1;
				DEVELOPMENT_ASSET_PATHS = "\"Africa/Preview Content\"";
				DEVELOPMENT_TEAM = D646ZE33ML;
				ENABLE_PREVIEWS = YES;
				GENERATE_INFOPLIST_FILE = YES;
				INFOPLIST_FILE = Africa/Info.plist;
				INFOPLIST_KEY_UIApplicationSceneManifest_Generation = YES;
				INFOPLIST_KEY_UIApplicationSupportsIndirectInputEvents = YES;
				INFOPLIST_KEY_UISupportedInterfaceOrientations_iPad = "UIInterfaceOrientationPortrait UIInterfaceOrientationPortraitUpsideDown UIInterfaceOrientationLandscapeLeft UIInterfaceOrientationLandscapeRight";
				INFOPLIST_KEY_UISupportedInterfaceOrientations_iPhone = "UIInterfaceOrientationPortrait UIInterfaceOrientationLandscapeLeft UIInterfaceOrientationLandscapeRight";
				INFOPLIST_KEY_UIUserInterfaceStyle = Dark;
				LD_RUNPATH_SEARCH_PATHS = (
					"$(inherited)",
					"@executable_path/Frameworks",
				);
				MARKETING_VERSION = 1.0;
				PRODUCT_BUNDLE_IDENTIFIER = ZachCervi.Africa;
				PRODUCT_NAME = "$(TARGET_NAME)";
				SWIFT_EMIT_LOC_STRINGS = YES;
				SWIFT_VERSION = 5.0;
				TARGETED_DEVICE_FAMILY = "1,2";
			};
			name = Release;
		};
/* End XCBuildConfiguration section */

/* Begin XCConfigurationList section */
		5EE952AF28500D8D004BDA96 /* Build configuration list for PBXProject "Africa" */ = {
			isa = XCConfigurationList;
			buildConfigurations = (
				5EE952C028500D8F004BDA96 /* Debug */,
				5EE952C128500D8F004BDA96 /* Release */,
			);
			defaultConfigurationIsVisible = 0;
			defaultConfigurationName = Release;
		};
		5EE952C228500D8F004BDA96 /* Build configuration list for PBXNativeTarget "Africa" */ = {
			isa = XCConfigurationList;
			buildConfigurations = (
				5EE952C328500D8F004BDA96 /* Debug */,
				5EE952C428500D8F004BDA96 /* Release */,
			);
			defaultConfigurationIsVisible = 0;
			defaultConfigurationName = Release;
		};
/* End XCConfigurationList section */
	};
	rootObject = 5EE952AC28500D8D004BDA96 /* Project object */;
}
